PODS:
  - didit_sdk (4.0.3):
    - DiditSDK/All (= 4.0.3)
    - Flutter
  - DiditSDK/All (4.0.3)
  - Flutter (1.0.0)
  - integration_test (0.0.1):
    - Flutter

DEPENDENCIES:
  - didit_sdk (from `.symlinks/plugins/didit_sdk/ios`)
  - DiditSDK/All (from `https://raw.githubusercontent.com/didit-protocol/sdk-ios/4.0.3/DiditSDK.podspec`)
  - Flutter (from `Flutter`)
  - integration_test (from `.symlinks/plugins/integration_test/ios`)

EXTERNAL SOURCES:
  didit_sdk:
    :path: ".symlinks/plugins/didit_sdk/ios"
  DiditSDK:
    :podspec: https://raw.githubusercontent.com/didit-protocol/sdk-ios/4.0.3/DiditSDK.podspec
  Flutter:
    :path: Flutter
  integration_test:
    :path: ".symlinks/plugins/integration_test/ios"

SPEC CHECKSUMS:
  didit_sdk: a3c643381ba7c10d0ed7c26c16566114e890bb7c
  DiditSDK: eac43e501972bd3aa7500339f31d2b56f83e89f8
  Flutter: cabc95a1d2626b1b06e7179b784ebcf0c0cde467
  integration_test: 4a889634ef21a45d28d50d622cf412dc6d9f586e

PODFILE CHECKSUM: 808f22d0ee1d7d906f1923ed8c06b072db6cfe68

COCOAPODS: 1.16.2
